{
  "name": "precourse-preview",
  "lockfileVersion": 2,
  "requires": true,
  "packages": {
    "": {
      "dependencies": {
        "@woowacourse/mission-utils": "^1.0.2"
      }
    },
    "node_modules/@woowacourse/mission-utils": {
      "version": "1.0.2",
      "resolved": "https://registry.npmjs.org/@woowacourse/mission-utils/-/mission-utils-1.0.2.tgz",
      "integrity": "sha512-hpLLZ8c9qllwT2GjAjIBgIBLw/sYiZF6yf/Y1YmgyBiurqe/s67gBQzMlJzExp1y4DLl/9Eu8DZonp4sZ4UwPg=="
    }
  },
  "dependencies": {
    "@woowacourse/mission-utils": {
      "version": "1.0.2",
      "resolved": "https://registry.npmjs.org/@woowacourse/mission-utils/-/mission-utils-1.0.2.tgz",
      "integrity": "sha512-hpLLZ8c9qllwT2GjAjIBgIBLw/sYiZF6yf/Y1YmgyBiurqe/s67gBQzMlJzExp1y4DLl/9Eu8DZonp4sZ4UwPg=="
    }
  }
}
